// !$*UTF8*$!
{
	archiveVersion = 1;
	classes = {
	};
	objectVersion = 46;
	objects = {

/* Begin PBXBuildFile section */
		1280CFF41ACF8CCF00CE8C70 /* libOSS_IOS_SDK.a in Frameworks */ = {isa = PBXBuildFile; fileRef = 1280CFE81ACF8CCF00CE8C70 /* libOSS_IOS_SDK.a */; };
		1280CFF81ACF8E5C00CE8C70 /* JDVideoUtil.m in Sources */ = {isa = PBXBuildFile; fileRef = 1280CFF71ACF8E5C00CE8C70 /* JDVideoUtil.m */; };
		1280CFFB1ACF8E8200CE8C70 /* JDVidoUploader.m in Sources */ = {isa = PBXBuildFile; fileRef = 1280CFFA1ACF8E8200CE8C70 /* JDVidoUploader.m */; };
		1280CFFE1ACF8F3F00CE8C70 /* JDVideoDownloader.m in Sources */ = {isa = PBXBuildFile; fileRef = 1280CFFD1ACF8F3F00CE8C70 /* JDVideoDownloader.m */; };
		1280D0021ACF8FD300CE8C70 /* JDCloudService.m in Sources */ = {isa = PBXBuildFile; fileRef = 1280D0011ACF8FD300CE8C70 /* JDCloudService.m */; };
		1280D0051ACF91B800CE8C70 /* JDCloudSecurity.m in Sources */ = {isa = PBXBuildFile; fileRef = 1280D0041ACF91B800CE8C70 /* JDCloudSecurity.m */; };
		1280D0081ACF923A00CE8C70 /* JDCloudResource.m in Sources */ = {isa = PBXBuildFile; fileRef = 1280D0071ACF923A00CE8C70 /* JDCloudResource.m */; };
		12EFC8011ACFCB8600A6A943 /* JDVideoSource.m in Sources */ = {isa = PBXBuildFile; fileRef = 12EFC8001ACFCB8600A6A943 /* JDVideoSource.m */; };
		12EFC8041ACFCDC000A6A943 /* JDVideoInfo.m in Sources */ = {isa = PBXBuildFile; fileRef = 12EFC8031ACFCDC000A6A943 /* JDVideoInfo.m */; };
		12EFC80A1ACFDA1100A6A943 /* JDCloudData.m in Sources */ = {isa = PBXBuildFile; fileRef = 12EFC8091ACFDA1100A6A943 /* JDCloudData.m */; };
		12EFC80D1ACFE05400A6A943 /* JDCloudTestor.m in Sources */ = {isa = PBXBuildFile; fileRef = 12EFC80C1ACFE05400A6A943 /* JDCloudTestor.m */; };
		12EFC8151AD0D80100A6A943 /* PBJFocusView.m in Sources */ = {isa = PBXBuildFile; fileRef = 12EFC8101AD0D80100A6A943 /* PBJFocusView.m */; };
		12EFC8161AD0D80100A6A943 /* PBJStrobeView.m in Sources */ = {isa = PBXBuildFile; fileRef = 12EFC8121AD0D80100A6A943 /* PBJStrobeView.m */; };
		12EFC8171AD0D80100A6A943 /* PBJViewController.m in Sources */ = {isa = PBXBuildFile; fileRef = 12EFC8141AD0D80100A6A943 /* PBJViewController.m */; };
		12EFC8231AD0D80F00A6A943 /* capture_done@2x.png in Resources */ = {isa = PBXBuildFile; fileRef = 12EFC8191AD0D80F00A6A943 /* capture_done@2x.png */; };
		12EFC8241AD0D80F00A6A943 /* capture_flip@2x.png in Resources */ = {isa = PBXBuildFile; fileRef = 12EFC81A1AD0D80F00A6A943 /* capture_flip@2x.png */; };
		12EFC8251AD0D80F00A6A943 /* capture_focus@2x.png in Resources */ = {isa = PBXBuildFile; fileRef = 12EFC81B1AD0D80F00A6A943 /* capture_focus@2x.png */; };
		12EFC8261AD0D80F00A6A943 /* capture_focus_button@2x.png in Resources */ = {isa = PBXBuildFile; fileRef = 12EFC81C1AD0D80F00A6A943 /* capture_focus_button@2x.png */; };
		12EFC8271AD0D80F00A6A943 /* capture_focus_button_active@2x.png in Resources */ = {isa = PBXBuildFile; fileRef = 12EFC81D1AD0D80F00A6A943 /* capture_focus_button_active@2x.png */; };
		12EFC8281AD0D80F00A6A943 /* capture_onion@2x.png in Resources */ = {isa = PBXBuildFile; fileRef = 12EFC81E1AD0D80F00A6A943 /* capture_onion@2x.png */; };
		12EFC8291AD0D80F00A6A943 /* capture_onion_selected@2x.png in Resources */ = {isa = PBXBuildFile; fileRef = 12EFC81F1AD0D80F00A6A943 /* capture_onion_selected@2x.png */; };
		12EFC82A1AD0D80F00A6A943 /* capture_rec_base@2x.png in Resources */ = {isa = PBXBuildFile; fileRef = 12EFC8201AD0D80F00A6A943 /* capture_rec_base@2x.png */; };
		12EFC82B1AD0D80F00A6A943 /* capture_rec_blink@2x.png in Resources */ = {isa = PBXBuildFile; fileRef = 12EFC8211AD0D80F00A6A943 /* capture_rec_blink@2x.png */; };
		12EFC82C1AD0D80F00A6A943 /* capture_rec_off@2x.png in Resources */ = {isa = PBXBuildFile; fileRef = 12EFC8221AD0D80F00A6A943 /* capture_rec_off@2x.png */; };
		2AA2E366F58DE5B734C7781F /* libPods.a in Frameworks */ = {isa = PBXBuildFile; fileRef = D91E50440869E77308CDDAC5 /* libPods.a */; };
		DFFB66721AC99AD7008350D7 /* main.m in Sources */ = {isa = PBXBuildFile; fileRef = DFFB66711AC99AD7008350D7 /* main.m */; };
		DFFB66751AC99AD7008350D7 /* AppDelegate.m in Sources */ = {isa = PBXBuildFile; fileRef = DFFB66741AC99AD7008350D7 /* AppDelegate.m */; };
		DFFB66781AC99AD7008350D7 /* ViewController.m in Sources */ = {isa = PBXBuildFile; fileRef = DFFB66771AC99AD7008350D7 /* ViewController.m */; };
		DFFB667B1AC99AD7008350D7 /* Main.storyboard in Resources */ = {isa = PBXBuildFile; fileRef = DFFB66791AC99AD7008350D7 /* Main.storyboard */; };
		DFFB667D1AC99AD7008350D7 /* Images.xcassets in Resources */ = {isa = PBXBuildFile; fileRef = DFFB667C1AC99AD7008350D7 /* Images.xcassets */; };
		DFFB66801AC99AD7008350D7 /* LaunchScreen.xib in Resources */ = {isa = PBXBuildFile; fileRef = DFFB667E1AC99AD7008350D7 /* LaunchScreen.xib */; };
		DFFB668C1AC99AD7008350D7 /* QNVideoDemoTests.m in Sources */ = {isa = PBXBuildFile; fileRef = DFFB668B1AC99AD7008350D7 /* QNVideoDemoTests.m */; };
		DFFB66961ACADEA7008350D7 /* MediaPlayer.framework in Frameworks */ = {isa = PBXBuildFile; fileRef = DFFB66951ACADEA7008350D7 /* MediaPlayer.framework */; };
/* End PBXBuildFile section */

/* Begin PBXContainerItemProxy section */
		DFFB66861AC99AD7008350D7 /* PBXContainerItemProxy */ = {
			isa = PBXContainerItemProxy;
			containerPortal = DFFB66641AC99AD7008350D7 /* Project object */;
			proxyType = 1;
			remoteGlobalIDString = DFFB666B1AC99AD7008350D7;
			remoteInfo = QNVideoDemo;
		};
/* End PBXContainerItemProxy section */

/* Begin PBXFileReference section */
		1280CFE81ACF8CCF00CE8C70 /* libOSS_IOS_SDK.a */ = {isa = PBXFileReference; lastKnownFileType = archive.ar; path = libOSS_IOS_SDK.a; sourceTree = "<group>"; };
		1280CFE91ACF8CCF00CE8C70 /* OSSArgs.h */ = {isa = PBXFileReference; fileEncoding = 4; lastKnownFileType = sourcecode.c.h; path = OSSArgs.h; sourceTree = "<group>"; };
		1280CFEA1ACF8CCF00CE8C70 /* OSSBucket.h */ = {isa = PBXFileReference; fileEncoding = 4; lastKnownFileType = sourcecode.c.h; path = OSSBucket.h; sourceTree = "<group>"; };
		1280CFEB1ACF8CCF00CE8C70 /* OSSClient.h */ = {isa = PBXFileReference; fileEncoding = 4; lastKnownFileType = sourcecode.c.h; path = OSSClient.h; sourceTree = "<group>"; };
		1280CFEC1ACF8CCF00CE8C70 /* OSSData.h */ = {isa = PBXFileReference; fileEncoding = 4; lastKnownFileType = sourcecode.c.h; path = OSSData.h; sourceTree = "<group>"; };
		1280CFED1ACF8CCF00CE8C70 /* OSSFile.h */ = {isa = PBXFileReference; fileEncoding = 4; lastKnownFileType = sourcecode.c.h; path = OSSFile.h; sourceTree = "<group>"; };
		1280CFEE1ACF8CCF00CE8C70 /* OSSLog.h */ = {isa = PBXFileReference; fileEncoding = 4; lastKnownFileType = sourcecode.c.h; path = OSSLog.h; sourceTree = "<group>"; };
		1280CFEF1ACF8CCF00CE8C70 /* OSSMeta.h */ = {isa = PBXFileReference; fileEncoding = 4; lastKnownFileType = sourcecode.c.h; path = OSSMeta.h; sourceTree = "<group>"; };
		1280CFF01ACF8CCF00CE8C70 /* OSSMultipart.h */ = {isa = PBXFileReference; fileEncoding = 4; lastKnownFileType = sourcecode.c.h; path = OSSMultipart.h; sourceTree = "<group>"; };
		1280CFF11ACF8CCF00CE8C70 /* OSSObject.h */ = {isa = PBXFileReference; fileEncoding = 4; lastKnownFileType = sourcecode.c.h; path = OSSObject.h; sourceTree = "<group>"; };
		1280CFF21ACF8CCF00CE8C70 /* OSSRange.h */ = {isa = PBXFileReference; fileEncoding = 4; lastKnownFileType = sourcecode.c.h; path = OSSRange.h; sourceTree = "<group>"; };
		1280CFF31ACF8CCF00CE8C70 /* OSSTool.h */ = {isa = PBXFileReference; fileEncoding = 4; lastKnownFileType = sourcecode.c.h; path = OSSTool.h; sourceTree = "<group>"; };
		1280CFF61ACF8E5C00CE8C70 /* JDVideoUtil.h */ = {isa = PBXFileReference; fileEncoding = 4; lastKnownFileType = sourcecode.c.h; path = JDVideoUtil.h; sourceTree = "<group>"; };
		1280CFF71ACF8E5C00CE8C70 /* JDVideoUtil.m */ = {isa = PBXFileReference; fileEncoding = 4; lastKnownFileType = sourcecode.c.objc; path = JDVideoUtil.m; sourceTree = "<group>"; };
		1280CFF91ACF8E8200CE8C70 /* JDVidoUploader.h */ = {isa = PBXFileReference; fileEncoding = 4; lastKnownFileType = sourcecode.c.h; path = JDVidoUploader.h; sourceTree = "<group>"; };
		1280CFFA1ACF8E8200CE8C70 /* JDVidoUploader.m */ = {isa = PBXFileReference; fileEncoding = 4; lastKnownFileType = sourcecode.c.objc; path = JDVidoUploader.m; sourceTree = "<group>"; };
		1280CFFC1ACF8F3F00CE8C70 /* JDVideoDownloader.h */ = {isa = PBXFileReference; fileEncoding = 4; lastKnownFileType = sourcecode.c.h; path = JDVideoDownloader.h; sourceTree = "<group>"; };
		1280CFFD1ACF8F3F00CE8C70 /* JDVideoDownloader.m */ = {isa = PBXFileReference; fileEncoding = 4; lastKnownFileType = sourcecode.c.objc; path = JDVideoDownloader.m; sourceTree = "<group>"; };
		1280D0001ACF8FD300CE8C70 /* JDCloudService.h */ = {isa = PBXFileReference; fileEncoding = 4; lastKnownFileType = sourcecode.c.h; path = JDCloudService.h; sourceTree = "<group>"; };
		1280D0011ACF8FD300CE8C70 /* JDCloudService.m */ = {isa = PBXFileReference; fileEncoding = 4; lastKnownFileType = sourcecode.c.objc; path = JDCloudService.m; sourceTree = "<group>"; };
		1280D0031ACF91B800CE8C70 /* JDCloudSecurity.h */ = {isa = PBXFileReference; fileEncoding = 4; lastKnownFileType = sourcecode.c.h; path = JDCloudSecurity.h; sourceTree = "<group>"; };
		1280D0041ACF91B800CE8C70 /* JDCloudSecurity.m */ = {isa = PBXFileReference; fileEncoding = 4; lastKnownFileType = sourcecode.c.objc; path = JDCloudSecurity.m; sourceTree = "<group>"; };
		1280D0061ACF923A00CE8C70 /* JDCloudResource.h */ = {isa = PBXFileReference; fileEncoding = 4; lastKnownFileType = sourcecode.c.h; path = JDCloudResource.h; sourceTree = "<group>"; };
		1280D0071ACF923A00CE8C70 /* JDCloudResource.m */ = {isa = PBXFileReference; fileEncoding = 4; lastKnownFileType = sourcecode.c.objc; path = JDCloudResource.m; sourceTree = "<group>"; };
		12EFC7FF1ACFCB8600A6A943 /* JDVideoSource.h */ = {isa = PBXFileReference; fileEncoding = 4; lastKnownFileType = sourcecode.c.h; path = JDVideoSource.h; sourceTree = "<group>"; };
		12EFC8001ACFCB8600A6A943 /* JDVideoSource.m */ = {isa = PBXFileReference; fileEncoding = 4; lastKnownFileType = sourcecode.c.objc; path = JDVideoSource.m; sourceTree = "<group>"; };
		12EFC8021ACFCDC000A6A943 /* JDVideoInfo.h */ = {isa = PBXFileReference; fileEncoding = 4; lastKnownFileType = sourcecode.c.h; path = JDVideoInfo.h; sourceTree = "<group>"; };
		12EFC8031ACFCDC000A6A943 /* JDVideoInfo.m */ = {isa = PBXFileReference; fileEncoding = 4; lastKnownFileType = sourcecode.c.objc; path = JDVideoInfo.m; sourceTree = "<group>"; };
		12EFC8081ACFDA1100A6A943 /* JDCloudData.h */ = {isa = PBXFileReference; fileEncoding = 4; lastKnownFileType = sourcecode.c.h; path = JDCloudData.h; sourceTree = "<group>"; };
		12EFC8091ACFDA1100A6A943 /* JDCloudData.m */ = {isa = PBXFileReference; fileEncoding = 4; lastKnownFileType = sourcecode.c.objc; path = JDCloudData.m; sourceTree = "<group>"; };
		12EFC80B1ACFE05400A6A943 /* JDCloudTestor.h */ = {isa = PBXFileReference; fileEncoding = 4; lastKnownFileType = sourcecode.c.h; path = JDCloudTestor.h; sourceTree = "<group>"; };
		12EFC80C1ACFE05400A6A943 /* JDCloudTestor.m */ = {isa = PBXFileReference; fileEncoding = 4; lastKnownFileType = sourcecode.c.objc; path = JDCloudTestor.m; sourceTree = "<group>"; };
		12EFC80F1AD0D80100A6A943 /* PBJFocusView.h */ = {isa = PBXFileReference; fileEncoding = 4; lastKnownFileType = sourcecode.c.h; path = PBJFocusView.h; sourceTree = "<group>"; };
		12EFC8101AD0D80100A6A943 /* PBJFocusView.m */ = {isa = PBXFileReference; fileEncoding = 4; lastKnownFileType = sourcecode.c.objc; path = PBJFocusView.m; sourceTree = "<group>"; };
		12EFC8111AD0D80100A6A943 /* PBJStrobeView.h */ = {isa = PBXFileReference; fileEncoding = 4; lastKnownFileType = sourcecode.c.h; path = PBJStrobeView.h; sourceTree = "<group>"; };
		12EFC8121AD0D80100A6A943 /* PBJStrobeView.m */ = {isa = PBXFileReference; fileEncoding = 4; lastKnownFileType = sourcecode.c.objc; path = PBJStrobeView.m; sourceTree = "<group>"; };
		12EFC8131AD0D80100A6A943 /* PBJViewController.h */ = {isa = PBXFileReference; fileEncoding = 4; lastKnownFileType = sourcecode.c.h; path = PBJViewController.h; sourceTree = "<group>"; };
		12EFC8141AD0D80100A6A943 /* PBJViewController.m */ = {isa = PBXFileReference; fileEncoding = 4; lastKnownFileType = sourcecode.c.objc; path = PBJViewController.m; sourceTree = "<group>"; };
		12EFC8191AD0D80F00A6A943 /* capture_done@2x.png */ = {isa = PBXFileReference; lastKnownFileType = image.png; path = "capture_done@2x.png"; sourceTree = "<group>"; };
		12EFC81A1AD0D80F00A6A943 /* capture_flip@2x.png */ = {isa = PBXFileReference; lastKnownFileType = image.png; path = "capture_flip@2x.png"; sourceTree = "<group>"; };
		12EFC81B1AD0D80F00A6A943 /* capture_focus@2x.png */ = {isa = PBXFileReference; lastKnownFileType = image.png; path = "capture_focus@2x.png"; sourceTree = "<group>"; };
		12EFC81C1AD0D80F00A6A943 /* capture_focus_button@2x.png */ = {isa = PBXFileReference; lastKnownFileType = image.png; path = "capture_focus_button@2x.png"; sourceTree = "<group>"; };
		12EFC81D1AD0D80F00A6A943 /* capture_focus_button_active@2x.png */ = {isa = PBXFileReference; lastKnownFileType = image.png; path = "capture_focus_button_active@2x.png"; sourceTree = "<group>"; };
		12EFC81E1AD0D80F00A6A943 /* capture_onion@2x.png */ = {isa = PBXFileReference; lastKnownFileType = image.png; path = "capture_onion@2x.png"; sourceTree = "<group>"; };
		12EFC81F1AD0D80F00A6A943 /* capture_onion_selected@2x.png */ = {isa = PBXFileReference; lastKnownFileType = image.png; path = "capture_onion_selected@2x.png"; sourceTree = "<group>"; };
		12EFC8201AD0D80F00A6A943 /* capture_rec_base@2x.png */ = {isa = PBXFileReference; lastKnownFileType = image.png; path = "capture_rec_base@2x.png"; sourceTree = "<group>"; };
		12EFC8211AD0D80F00A6A943 /* capture_rec_blink@2x.png */ = {isa = PBXFileReference; lastKnownFileType = image.png; path = "capture_rec_blink@2x.png"; sourceTree = "<group>"; };
		12EFC8221AD0D80F00A6A943 /* capture_rec_off@2x.png */ = {isa = PBXFileReference; lastKnownFileType = image.png; path = "capture_rec_off@2x.png"; sourceTree = "<group>"; };
		65FAA7E66C349A6F343B6585 /* Pods.debug.xcconfig */ = {isa = PBXFileReference; includeInIndex = 1; lastKnownFileType = text.xcconfig; name = Pods.debug.xcconfig; path = "Pods/Target Support Files/Pods/Pods.debug.xcconfig"; sourceTree = "<group>"; };
		D55135DD8BAD0950C7B94B22 /* Pods.release.xcconfig */ = {isa = PBXFileReference; includeInIndex = 1; lastKnownFileType = text.xcconfig; name = Pods.release.xcconfig; path = "Pods/Target Support Files/Pods/Pods.release.xcconfig"; sourceTree = "<group>"; };
		D91E50440869E77308CDDAC5 /* libPods.a */ = {isa = PBXFileReference; explicitFileType = archive.ar; includeInIndex = 0; path = libPods.a; sourceTree = BUILT_PRODUCTS_DIR; };
		DFFB666C1AC99AD7008350D7 /* QNVideoDemo.app */ = {isa = PBXFileReference; explicitFileType = wrapper.application; includeInIndex = 0; path = QNVideoDemo.app; sourceTree = BUILT_PRODUCTS_DIR; };
		DFFB66701AC99AD7008350D7 /* Info.plist */ = {isa = PBXFileReference; lastKnownFileType = text.plist.xml; path = Info.plist; sourceTree = "<group>"; };
		DFFB66711AC99AD7008350D7 /* main.m */ = {isa = PBXFileReference; lastKnownFileType = sourcecode.c.objc; path = main.m; sourceTree = "<group>"; };
		DFFB66731AC99AD7008350D7 /* AppDelegate.h */ = {isa = PBXFileReference; lastKnownFileType = sourcecode.c.h; path = AppDelegate.h; sourceTree = "<group>"; };
		DFFB66741AC99AD7008350D7 /* AppDelegate.m */ = {isa = PBXFileReference; lastKnownFileType = sourcecode.c.objc; path = AppDelegate.m; sourceTree = "<group>"; };
		DFFB66761AC99AD7008350D7 /* ViewController.h */ = {isa = PBXFileReference; lastKnownFileType = sourcecode.c.h; path = ViewController.h; sourceTree = "<group>"; };
		DFFB66771AC99AD7008350D7 /* ViewController.m */ = {isa = PBXFileReference; lastKnownFileType = sourcecode.c.objc; path = ViewController.m; sourceTree = "<group>"; };
		DFFB667A1AC99AD7008350D7 /* Base */ = {isa = PBXFileReference; lastKnownFileType = file.storyboard; name = Base; path = Base.lproj/Main.storyboard; sourceTree = "<group>"; };
		DFFB667C1AC99AD7008350D7 /* Images.xcassets */ = {isa = PBXFileReference; lastKnownFileType = folder.assetcatalog; path = Images.xcassets; sourceTree = "<group>"; };
		DFFB667F1AC99AD7008350D7 /* Base */ = {isa = PBXFileReference; lastKnownFileType = file.xib; name = Base; path = Base.lproj/LaunchScreen.xib; sourceTree = "<group>"; };
		DFFB66851AC99AD7008350D7 /* QNVideoDemoTests.xctest */ = {isa = PBXFileReference; explicitFileType = wrapper.cfbundle; includeInIndex = 0; path = QNVideoDemoTests.xctest; sourceTree = BUILT_PRODUCTS_DIR; };
		DFFB668A1AC99AD7008350D7 /* Info.plist */ = {isa = PBXFileReference; lastKnownFileType = text.plist.xml; path = Info.plist; sourceTree = "<group>"; };
		DFFB668B1AC99AD7008350D7 /* QNVideoDemoTests.m */ = {isa = PBXFileReference; lastKnownFileType = sourcecode.c.objc; path = QNVideoDemoTests.m; sourceTree = "<group>"; };
		DFFB66951ACADEA7008350D7 /* MediaPlayer.framework */ = {isa = PBXFileReference; lastKnownFileType = wrapper.framework; name = MediaPlayer.framework; path = System/Library/Frameworks/MediaPlayer.framework; sourceTree = SDKROOT; };
/* End PBXFileReference section */

/* Begin PBXFrameworksBuildPhase section */
		DFFB66691AC99AD7008350D7 /* Frameworks */ = {
			isa = PBXFrameworksBuildPhase;
			buildActionMask = 2147483647;
			files = (
				DFFB66961ACADEA7008350D7 /* MediaPlayer.framework in Frameworks */,
				2AA2E366F58DE5B734C7781F /* libPods.a in Frameworks */,
				1280CFF41ACF8CCF00CE8C70 /* libOSS_IOS_SDK.a in Frameworks */,
			);
			runOnlyForDeploymentPostprocessing = 0;
		};
		DFFB66821AC99AD7008350D7 /* Frameworks */ = {
			isa = PBXFrameworksBuildPhase;
			buildActionMask = 2147483647;
			files = (
			);
			runOnlyForDeploymentPostprocessing = 0;
		};
/* End PBXFrameworksBuildPhase section */

/* Begin PBXGroup section */
		1280CFE71ACF8CCF00CE8C70 /* Release-iPhoneOS */ = {
			isa = PBXGroup;
			children = (
				1280CFE81ACF8CCF00CE8C70 /* libOSS_IOS_SDK.a */,
				1280CFE91ACF8CCF00CE8C70 /* OSSArgs.h */,
				1280CFEA1ACF8CCF00CE8C70 /* OSSBucket.h */,
				1280CFEB1ACF8CCF00CE8C70 /* OSSClient.h */,
				1280CFEC1ACF8CCF00CE8C70 /* OSSData.h */,
				1280CFED1ACF8CCF00CE8C70 /* OSSFile.h */,
				1280CFEE1ACF8CCF00CE8C70 /* OSSLog.h */,
				1280CFEF1ACF8CCF00CE8C70 /* OSSMeta.h */,
				1280CFF01ACF8CCF00CE8C70 /* OSSMultipart.h */,
				1280CFF11ACF8CCF00CE8C70 /* OSSObject.h */,
				1280CFF21ACF8CCF00CE8C70 /* OSSRange.h */,
				1280CFF31ACF8CCF00CE8C70 /* OSSTool.h */,
			);
			path = "Release-iPhoneOS";
			sourceTree = "<group>";
		};
		1280CFF51ACF8DFC00CE8C70 /* video */ = {
			isa = PBXGroup;
			children = (
				12EFC7FF1ACFCB8600A6A943 /* JDVideoSource.h */,
				12EFC8001ACFCB8600A6A943 /* JDVideoSource.m */,
				12EFC8021ACFCDC000A6A943 /* JDVideoInfo.h */,
				12EFC8031ACFCDC000A6A943 /* JDVideoInfo.m */,
				1280CFF61ACF8E5C00CE8C70 /* JDVideoUtil.h */,
				1280CFF71ACF8E5C00CE8C70 /* JDVideoUtil.m */,
				1280CFF91ACF8E8200CE8C70 /* JDVidoUploader.h */,
				1280CFFA1ACF8E8200CE8C70 /* JDVidoUploader.m */,
				1280CFFC1ACF8F3F00CE8C70 /* JDVideoDownloader.h */,
				1280CFFD1ACF8F3F00CE8C70 /* JDVideoDownloader.m */,
			);
			path = video;
			sourceTree = "<group>";
		};
		1280CFFF1ACF8F7500CE8C70 /* cloud storege */ = {
			isa = PBXGroup;
			children = (
				12EFC8081ACFDA1100A6A943 /* JDCloudData.h */,
				12EFC8091ACFDA1100A6A943 /* JDCloudData.m */,
				1280D0001ACF8FD300CE8C70 /* JDCloudService.h */,
				1280D0011ACF8FD300CE8C70 /* JDCloudService.m */,
				1280D0061ACF923A00CE8C70 /* JDCloudResource.h */,
				1280D0071ACF923A00CE8C70 /* JDCloudResource.m */,
				1280D0031ACF91B800CE8C70 /* JDCloudSecurity.h */,
				1280D0041ACF91B800CE8C70 /* JDCloudSecurity.m */,
				12EFC80B1ACFE05400A6A943 /* JDCloudTestor.h */,
				12EFC80C1ACFE05400A6A943 /* JDCloudTestor.m */,
			);
			path = "cloud storege";
			sourceTree = "<group>";
		};
		12EFC80E1AD0D80100A6A943 /* video maker */ = {
			isa = PBXGroup;
			children = (
				12EFC80F1AD0D80100A6A943 /* PBJFocusView.h */,
				12EFC8101AD0D80100A6A943 /* PBJFocusView.m */,
				12EFC8111AD0D80100A6A943 /* PBJStrobeView.h */,
				12EFC8121AD0D80100A6A943 /* PBJStrobeView.m */,
				12EFC8131AD0D80100A6A943 /* PBJViewController.h */,
				12EFC8141AD0D80100A6A943 /* PBJViewController.m */,
			);
			name = "video maker";
			path = "QNVideoDemo/video maker";
			sourceTree = SOURCE_ROOT;
		};
		12EFC8181AD0D80F00A6A943 /* images */ = {
			isa = PBXGroup;
			children = (
				12EFC8191AD0D80F00A6A943 /* capture_done@2x.png */,
				12EFC81A1AD0D80F00A6A943 /* capture_flip@2x.png */,
				12EFC81B1AD0D80F00A6A943 /* capture_focus@2x.png */,
				12EFC81C1AD0D80F00A6A943 /* capture_focus_button@2x.png */,
				12EFC81D1AD0D80F00A6A943 /* capture_focus_button_active@2x.png */,
				12EFC81E1AD0D80F00A6A943 /* capture_onion@2x.png */,
				12EFC81F1AD0D80F00A6A943 /* capture_onion_selected@2x.png */,
				12EFC8201AD0D80F00A6A943 /* capture_rec_base@2x.png */,
				12EFC8211AD0D80F00A6A943 /* capture_rec_blink@2x.png */,
				12EFC8221AD0D80F00A6A943 /* capture_rec_off@2x.png */,
			);
			path = images;
			sourceTree = "<group>";
		};
		703187CE062F1F1196011764 /* Frameworks */ = {
			isa = PBXGroup;
			children = (
				1280CFE71ACF8CCF00CE8C70 /* Release-iPhoneOS */,
				DFFB66951ACADEA7008350D7 /* MediaPlayer.framework */,
				D91E50440869E77308CDDAC5 /* libPods.a */,
			);
			name = Frameworks;
			sourceTree = "<group>";
		};
		DFFB66631AC99AD7008350D7 = {
			isa = PBXGroup;
			children = (
				DFFB666E1AC99AD7008350D7 /* QNVideoDemo */,
				DFFB66881AC99AD7008350D7 /* QNVideoDemoTests */,
				DFFB666D1AC99AD7008350D7 /* Products */,
				F199279992C4AB98B4D95F76 /* Pods */,
				703187CE062F1F1196011764 /* Frameworks */,
			);
			sourceTree = "<group>";
		};
		DFFB666D1AC99AD7008350D7 /* Products */ = {
			isa = PBXGroup;
			children = (
				DFFB666C1AC99AD7008350D7 /* QNVideoDemo.app */,
				DFFB66851AC99AD7008350D7 /* QNVideoDemoTests.xctest */,
			);
			name = Products;
			sourceTree = "<group>";
		};
		DFFB666E1AC99AD7008350D7 /* QNVideoDemo */ = {
			isa = PBXGroup;
			children = (
				1280CFFF1ACF8F7500CE8C70 /* cloud storege */,
				1280CFF51ACF8DFC00CE8C70 /* video */,
				12EFC80E1AD0D80100A6A943 /* video maker */,
				12EFC8181AD0D80F00A6A943 /* images */,
				DFFB66731AC99AD7008350D7 /* AppDelegate.h */,
				DFFB66741AC99AD7008350D7 /* AppDelegate.m */,
				DFFB66761AC99AD7008350D7 /* ViewController.h */,
				DFFB66771AC99AD7008350D7 /* ViewController.m */,
				DFFB66791AC99AD7008350D7 /* Main.storyboard */,
				DFFB667C1AC99AD7008350D7 /* Images.xcassets */,
				DFFB667E1AC99AD7008350D7 /* LaunchScreen.xib */,
				DFFB666F1AC99AD7008350D7 /* Supporting Files */,
			);
			path = QNVideoDemo;
			sourceTree = "<group>";
		};
		DFFB666F1AC99AD7008350D7 /* Supporting Files */ = {
			isa = PBXGroup;
			children = (
				DFFB66701AC99AD7008350D7 /* Info.plist */,
				DFFB66711AC99AD7008350D7 /* main.m */,
			);
			name = "Supporting Files";
			sourceTree = "<group>";
		};
		DFFB66881AC99AD7008350D7 /* QNVideoDemoTests */ = {
			isa = PBXGroup;
			children = (
				DFFB668B1AC99AD7008350D7 /* QNVideoDemoTests.m */,
				DFFB66891AC99AD7008350D7 /* Supporting Files */,
			);
			path = QNVideoDemoTests;
			sourceTree = "<group>";
		};
		DFFB66891AC99AD7008350D7 /* Supporting Files */ = {
			isa = PBXGroup;
			children = (
				DFFB668A1AC99AD7008350D7 /* Info.plist */,
			);
			name = "Supporting Files";
			sourceTree = "<group>";
		};
		F199279992C4AB98B4D95F76 /* Pods */ = {
			isa = PBXGroup;
			children = (
				65FAA7E66C349A6F343B6585 /* Pods.debug.xcconfig */,
				D55135DD8BAD0950C7B94B22 /* Pods.release.xcconfig */,
			);
			name = Pods;
			sourceTree = "<group>";
		};
/* End PBXGroup section */

/* Begin PBXNativeTarget section */
		DFFB666B1AC99AD7008350D7 /* QNVideoDemo */ = {
			isa = PBXNativeTarget;
			buildConfigurationList = DFFB668F1AC99AD7008350D7 /* Build configuration list for PBXNativeTarget "QNVideoDemo" */;
			buildPhases = (
				38DC47DEB52301F198814570 /* Check Pods Manifest.lock */,
				DFFB66681AC99AD7008350D7 /* Sources */,
				DFFB66691AC99AD7008350D7 /* Frameworks */,
				DFFB666A1AC99AD7008350D7 /* Resources */,
				0503D5F55FCEE6EB4E03D20B /* Copy Pods Resources */,
			);
			buildRules = (
			);
			dependencies = (
			);
			name = QNVideoDemo;
			productName = QNVideoDemo;
			productReference = DFFB666C1AC99AD7008350D7 /* QNVideoDemo.app */;
			productType = "com.apple.product-type.application";
		};
		DFFB66841AC99AD7008350D7 /* QNVideoDemoTests */ = {
			isa = PBXNativeTarget;
			buildConfigurationList = DFFB66921AC99AD7008350D7 /* Build configuration list for PBXNativeTarget "QNVideoDemoTests" */;
			buildPhases = (
				DFFB66811AC99AD7008350D7 /* Sources */,
				DFFB66821AC99AD7008350D7 /* Frameworks */,
				DFFB66831AC99AD7008350D7 /* Resources */,
			);
			buildRules = (
			);
			dependencies = (
				DFFB66871AC99AD7008350D7 /* PBXTargetDependency */,
			);
			name = QNVideoDemoTests;
			productName = QNVideoDemoTests;
			productReference = DFFB66851AC99AD7008350D7 /* QNVideoDemoTests.xctest */;
			productType = "com.apple.product-type.bundle.unit-test";
		};
/* End PBXNativeTarget section */

/* Begin PBXProject section */
		DFFB66641AC99AD7008350D7 /* Project object */ = {
			isa = PBXProject;
			attributes = {
				LastUpgradeCheck = 0620;
				ORGANIZATIONNAME = nirvawolf;
				TargetAttributes = {
					DFFB666B1AC99AD7008350D7 = {
						CreatedOnToolsVersion = 6.2;
					};
					DFFB66841AC99AD7008350D7 = {
						CreatedOnToolsVersion = 6.2;
						TestTargetID = DFFB666B1AC99AD7008350D7;
					};
				};
			};
			buildConfigurationList = DFFB66671AC99AD7008350D7 /* Build configuration list for PBXProject "QNVideoDemo" */;
			compatibilityVersion = "Xcode 3.2";
			developmentRegion = English;
			hasScannedForEncodings = 0;
			knownRegions = (
				en,
				Base,
			);
			mainGroup = DFFB66631AC99AD7008350D7;
			productRefGroup = DFFB666D1AC99AD7008350D7 /* Products */;
			projectDirPath = "";
			projectRoot = "";
			targets = (
				DFFB666B1AC99AD7008350D7 /* QNVideoDemo */,
				DFFB66841AC99AD7008350D7 /* QNVideoDemoTests */,
			);
		};
/* End PBXProject section */

/* Begin PBXResourcesBuildPhase section */
		DFFB666A1AC99AD7008350D7 /* Resources */ = {
			isa = PBXResourcesBuildPhase;
			buildActionMask = 2147483647;
			files = (
				12EFC8271AD0D80F00A6A943 /* capture_focus_button_active@2x.png in Resources */,
				12EFC82B1AD0D80F00A6A943 /* capture_rec_blink@2x.png in Resources */,
				12EFC82C1AD0D80F00A6A943 /* capture_rec_off@2x.png in Resources */,
				12EFC8251AD0D80F00A6A943 /* capture_focus@2x.png in Resources */,
				12EFC8291AD0D80F00A6A943 /* capture_onion_selected@2x.png in Resources */,
				DFFB667B1AC99AD7008350D7 /* Main.storyboard in Resources */,
				12EFC8261AD0D80F00A6A943 /* capture_focus_button@2x.png in Resources */,
				12EFC8231AD0D80F00A6A943 /* capture_done@2x.png in Resources */,
				12EFC8241AD0D80F00A6A943 /* capture_flip@2x.png in Resources */,
				12EFC8281AD0D80F00A6A943 /* capture_onion@2x.png in Resources */,
				DFFB66801AC99AD7008350D7 /* LaunchScreen.xib in Resources */,
				12EFC82A1AD0D80F00A6A943 /* capture_rec_base@2x.png in Resources */,
				DFFB667D1AC99AD7008350D7 /* Images.xcassets in Resources */,
			);
			runOnlyForDeploymentPostprocessing = 0;
		};
		DFFB66831AC99AD7008350D7 /* Resources */ = {
			isa = PBXResourcesBuildPhase;
			buildActionMask = 2147483647;
			files = (
			);
			runOnlyForDeploymentPostprocessing = 0;
		};
/* End PBXResourcesBuildPhase section */

/* Begin PBXShellScriptBuildPhase section */
		0503D5F55FCEE6EB4E03D20B /* Copy Pods Resources */ = {
			isa = PBXShellScriptBuildPhase;
			buildActionMask = 2147483647;
			files = (
			);
			inputPaths = (
			);
			name = "Copy Pods Resources";
			outputPaths = (
			);
			runOnlyForDeploymentPostprocessing = 0;
			shellPath = /bin/sh;
			shellScript = "\"${SRCROOT}/Pods/Target Support Files/Pods/Pods-resources.sh\"\n";
			showEnvVarsInLog = 0;
		};
		38DC47DEB52301F198814570 /* Check Pods Manifest.lock */ = {
			isa = PBXShellScriptBuildPhase;
			buildActionMask = 2147483647;
			files = (
			);
			inputPaths = (
			);
			name = "Check Pods Manifest.lock";
			outputPaths = (
			);
			runOnlyForDeploymentPostprocessing = 0;
			shellPath = /bin/sh;
			shellScript = "diff \"${PODS_ROOT}/../Podfile.lock\" \"${PODS_ROOT}/Manifest.lock\" > /dev/null\nif [[ $? != 0 ]] ; then\n    cat << EOM\nerror: The sandbox is not in sync with the Podfile.lock. Run 'pod install' or update your CocoaPods installation.\nEOM\n    exit 1\nfi\n";
			showEnvVarsInLog = 0;
		};
/* End PBXShellScriptBuildPhase section */

/* Begin PBXSourcesBuildPhase section */
		DFFB66681AC99AD7008350D7 /* Sources */ = {
			isa = PBXSourcesBuildPhase;
			buildActionMask = 2147483647;
			files = (
				DFFB66781AC99AD7008350D7 /* ViewController.m in Sources */,
				1280D0051ACF91B800CE8C70 /* JDCloudSecurity.m in Sources */,
				12EFC8041ACFCDC000A6A943 /* JDVideoInfo.m in Sources */,
				DFFB66751AC99AD7008350D7 /* AppDelegate.m in Sources */,
				1280D0021ACF8FD300CE8C70 /* JDCloudService.m in Sources */,
				12EFC8161AD0D80100A6A943 /* PBJStrobeView.m in Sources */,
				1280CFFE1ACF8F3F00CE8C70 /* JDVideoDownloader.m in Sources */,
				DFFB66721AC99AD7008350D7 /* main.m in Sources */,
				1280D0081ACF923A00CE8C70 /* JDCloudResource.m in Sources */,
				12EFC8171AD0D80100A6A943 /* PBJViewController.m in Sources */,
				12EFC80D1ACFE05400A6A943 /* JDCloudTestor.m in Sources */,
				1280CFF81ACF8E5C00CE8C70 /* JDVideoUtil.m in Sources */,
				12EFC8151AD0D80100A6A943 /* PBJFocusView.m in Sources */,
				12EFC8011ACFCB8600A6A943 /* JDVideoSource.m in Sources */,
				1280CFFB1ACF8E8200CE8C70 /* JDVidoUploader.m in Sources */,
				12EFC80A1ACFDA1100A6A943 /* JDCloudData.m in Sources */,
			);
			runOnlyForDeploymentPostprocessing = 0;
		};
		DFFB66811AC99AD7008350D7 /* Sources */ = {
			isa = PBXSourcesBuildPhase;
			buildActionMask = 2147483647;
			files = (
				DFFB668C1AC99AD7008350D7 /* QNVideoDemoTests.m in Sources */,
			);
			runOnlyForDeploymentPostprocessing = 0;
		};
/* End PBXSourcesBuildPhase section */

/* Begin PBXTargetDependency section */
		DFFB66871AC99AD7008350D7 /* PBXTargetDependency */ = {
			isa = PBXTargetDependency;
			target = DFFB666B1AC99AD7008350D7 /* QNVideoDemo */;
			targetProxy = DFFB66861AC99AD7008350D7 /* PBXContainerItemProxy */;
		};
/* End PBXTargetDependency section */

/* Begin PBXVariantGroup section */
		DFFB66791AC99AD7008350D7 /* Main.storyboard */ = {
			isa = PBXVariantGroup;
			children = (
				DFFB667A1AC99AD7008350D7 /* Base */,
			);
			name = Main.storyboard;
			sourceTree = "<group>";
		};
		DFFB667E1AC99AD7008350D7 /* LaunchScreen.xib */ = {
			isa = PBXVariantGroup;
			children = (
				DFFB667F1AC99AD7008350D7 /* Base */,
			);
			name = LaunchScreen.xib;
			sourceTree = "<group>";
		};
/* End PBXVariantGroup section */

/* Begin XCBuildConfiguration section */
		DFFB668D1AC99AD7008350D7 /* Debug */ = {
			isa = XCBuildConfiguration;
			buildSettings = {
				ALWAYS_SEARCH_USER_PATHS = NO;
				CLANG_CXX_LANGUAGE_STANDARD = "gnu++0x";
				CLANG_CXX_LIBRARY = "libc++";
				CLANG_ENABLE_MODULES = YES;
				CLANG_ENABLE_OBJC_ARC = YES;
				CLANG_WARN_BOOL_CONVERSION = YES;
				CLANG_WARN_CONSTANT_CONVERSION = YES;
				CLANG_WARN_DIRECT_OBJC_ISA_USAGE = YES_ERROR;
				CLANG_WARN_EMPTY_BODY = YES;
				CLANG_WARN_ENUM_CONVERSION = YES;
				CLANG_WARN_INT_CONVERSION = YES;
				CLANG_WARN_OBJC_ROOT_CLASS = YES_ERROR;
				CLANG_WARN_UNREACHABLE_CODE = YES;
				CLANG_WARN__DUPLICATE_METHOD_MATCH = YES;
				"CODE_SIGN_IDENTITY[sdk=iphoneos*]" = "iPhone Developer";
				COPY_PHASE_STRIP = NO;
				ENABLE_STRICT_OBJC_MSGSEND = YES;
				GCC_C_LANGUAGE_STANDARD = gnu99;
				GCC_DYNAMIC_NO_PIC = NO;
				GCC_OPTIMIZATION_LEVEL = 0;
				GCC_PREPROCESSOR_DEFINITIONS = (
					"DEBUG=1",
					"$(inherited)",
				);
				GCC_SYMBOLS_PRIVATE_EXTERN = NO;
				GCC_WARN_64_TO_32_BIT_CONVERSION = YES;
				GCC_WARN_ABOUT_RETURN_TYPE = YES_ERROR;
				GCC_WARN_UNDECLARED_SELECTOR = YES;
				GCC_WARN_UNINITIALIZED_AUTOS = YES_AGGRESSIVE;
				GCC_WARN_UNUSED_FUNCTION = YES;
				GCC_WARN_UNUSED_VARIABLE = YES;
				IPHONEOS_DEPLOYMENT_TARGET = 8.2;
				MTL_ENABLE_DEBUG_INFO = YES;
				ONLY_ACTIVE_ARCH = YES;
				SDKROOT = iphoneos;
				TARGETED_DEVICE_FAMILY = "1,2";
			};
			name = Debug;
		};
		DFFB668E1AC99AD7008350D7 /* Release */ = {
			isa = XCBuildConfiguration;
			buildSettings = {
				ALWAYS_SEARCH_USER_PATHS = NO;
				CLANG_CXX_LANGUAGE_STANDARD = "gnu++0x";
				CLANG_CXX_LIBRARY = "libc++";
				CLANG_ENABLE_MODULES = YES;
				CLANG_ENABLE_OBJC_ARC = YES;
				CLANG_WARN_BOOL_CONVERSION = YES;
				CLANG_WARN_CONSTANT_CONVERSION = YES;
				CLANG_WARN_DIRECT_OBJC_ISA_USAGE = YES_ERROR;
				CLANG_WARN_EMPTY_BODY = YES;
				CLANG_WARN_ENUM_CONVERSION = YES;
				CLANG_WARN_INT_CONVERSION = YES;
				CLANG_WARN_OBJC_ROOT_CLASS = YES_ERROR;
				CLANG_WARN_UNREACHABLE_CODE = YES;
				CLANG_WARN__DUPLICATE_METHOD_MATCH = YES;
				"CODE_SIGN_IDENTITY[sdk=iphoneos*]" = "iPhone Developer";
				COPY_PHASE_STRIP = NO;
				ENABLE_NS_ASSERTIONS = NO;
				ENABLE_STRICT_OBJC_MSGSEND = YES;
				GCC_C_LANGUAGE_STANDARD = gnu99;
				GCC_WARN_64_TO_32_BIT_CONVERSION = YES;
				GCC_WARN_ABOUT_RETURN_TYPE = YES_ERROR;
				GCC_WARN_UNDECLARED_SELECTOR = YES;
				GCC_WARN_UNINITIALIZED_AUTOS = YES_AGGRESSIVE;
				GCC_WARN_UNUSED_FUNCTION = YES;
				GCC_WARN_UNUSED_VARIABLE = YES;
				IPHONEOS_DEPLOYMENT_TARGET = 8.2;
				MTL_ENABLE_DEBUG_INFO = NO;
				SDKROOT = iphoneos;
				TARGETED_DEVICE_FAMILY = "1,2";
				VALIDATE_PRODUCT = YES;
			};
			name = Release;
		};
		DFFB66901AC99AD7008350D7 /* Debug */ = {
			isa = XCBuildConfiguration;
			baseConfigurationReference = 65FAA7E66C349A6F343B6585 /* Pods.debug.xcconfig */;
			buildSettings = {
				ASSETCATALOG_COMPILER_APPICON_NAME = AppIcon;
				INFOPLIST_FILE = QNVideoDemo/Info.plist;
				IPHONEOS_DEPLOYMENT_TARGET = 7.0;
				LD_RUNPATH_SEARCH_PATHS = "$(inherited) @executable_path/Frameworks";
				LIBRARY_SEARCH_PATHS = (
					"$(inherited)",
					"$(PROJECT_DIR)/Release-iPhoneOS",
				);
				PRODUCT_NAME = "$(TARGET_NAME)";
			};
			name = Debug;
		};
		DFFB66911AC99AD7008350D7 /* Release */ = {
			isa = XCBuildConfiguration;
			baseConfigurationReference = D55135DD8BAD0950C7B94B22 /* Pods.release.xcconfig */;
			buildSettings = {
				ASSETCATALOG_COMPILER_APPICON_NAME = AppIcon;
				INFOPLIST_FILE = QNVideoDemo/Info.plist;
				IPHONEOS_DEPLOYMENT_TARGET = 7.0;
				LD_RUNPATH_SEARCH_PATHS = "$(inherited) @executable_path/Frameworks";
				LIBRARY_SEARCH_PATHS = (
					"$(inherited)",
					"$(PROJECT_DIR)/Release-iPhoneOS",
				);
				PRODUCT_NAME = "$(TARGET_NAME)";
			};
			name = Release;
		};
		DFFB66931AC99AD7008350D7 /* Debug */ = {
			isa = XCBuildConfiguration;
			buildSettings = {
				BUNDLE_LOADER = "$(TEST_HOST)";
				FRAMEWORK_SEARCH_PATHS = (
					"$(SDKROOT)/Developer/Library/Frameworks",
					"$(inherited)",
				);
				GCC_PREPROCESSOR_DEFINITIONS = (
					"DEBUG=1",
					"$(inherited)",
				);
				INFOPLIST_FILE = QNVideoDemoTests/Info.plist;
				LD_RUNPATH_SEARCH_PATHS = "$(inherited) @executable_path/Frameworks @loader_path/Frameworks";
				PRODUCT_NAME = "$(TARGET_NAME)";
				TEST_HOST = "$(BUILT_PRODUCTS_DIR)/QNVideoDemo.app/QNVideoDemo";
			};
			name = Debug;
		};
		DFFB66941AC99AD7008350D7 /* Release */ = {
			isa = XCBuildConfiguration;
			buildSettings = {
				BUNDLE_LOADER = "$(TEST_HOST)";
				FRAMEWORK_SEARCH_PATHS = (
					"$(SDKROOT)/Developer/Library/Frameworks",
					"$(inherited)",
				);
				INFOPLIST_FILE = QNVideoDemoTests/Info.plist;
				LD_RUNPATH_SEARCH_PATHS = "$(inherited) @executable_path/Frameworks @loader_path/Frameworks";
				PRODUCT_NAME = "$(TARGET_NAME)";
				TEST_HOST = "$(BUILT_PRODUCTS_DIR)/QNVideoDemo.app/QNVideoDemo";
			};
			name = Release;
		};
/* End XCBuildConfiguration section */

/* Begin XCConfigurationList section */
		DFFB66671AC99AD7008350D7 /* Build configuration list for PBXProject "QNVideoDemo" */ = {
			isa = XCConfigurationList;
			buildConfigurations = (
				DFFB668D1AC99AD7008350D7 /* Debug */,
				DFFB668E1AC99AD7008350D7 /* Release */,
			);
			defaultConfigurationIsVisible = 0;
			defaultConfigurationName = Release;
		};
		DFFB668F1AC99AD7008350D7 /* Build configuration list for PBXNativeTarget "QNVideoDemo" */ = {
			isa = XCConfigurationList;
			buildConfigurations = (
				DFFB66901AC99AD7008350D7 /* Debug */,
				DFFB66911AC99AD7008350D7 /* Release */,
			);
			defaultConfigurationIsVisible = 0;
			defaultConfigurationName = Release;
		};
		DFFB66921AC99AD7008350D7 /* Build configuration list for PBXNativeTarget "QNVideoDemoTests" */ = {
			isa = XCConfigurationList;
			buildConfigurations = (
				DFFB66931AC99AD7008350D7 /* Debug */,
				DFFB66941AC99AD7008350D7 /* Release */,
			);
			defaultConfigurationIsVisible = 0;
			defaultConfigurationName = Release;
		};
/* End XCConfigurationList section */
	};
	rootObject = DFFB66641AC99AD7008350D7 /* Project object */;
}
